<?xml version="1.0" encoding="utf-8"?>
<Project ToolsVersion="4.0" xmlns="http://schemas.microsoft.com/developer/msbuild/2003">
  <ItemGroup>
    <!-- Core Engine -->
    <Filter Include="1. Core">
      <UniqueIdentifier>{4FC737F1-C7A5-4376-A066-2A32D752A2FF}</UniqueIdentifier>
    </Filter>
    <Filter Include="1. Core\Engine">
      <UniqueIdentifier>{93995380-89BD-4b04-88EB-625FBE52EBFB}</UniqueIdentifier>
    </Filter>
    <Filter Include="1. Core\Object System">
      <UniqueIdentifier>{67DA6AB6-F800-4c08-8B7A-83BB121AAD01}</UniqueIdentifier>
    </Filter>
    <Filter Include="1. Core\Object System\Actors">
      <UniqueIdentifier>{95520b77-70ba-47a8-a3c4-364bce265567}</UniqueIdentifier>
    </Filter>
    <Filter Include="1. Core\Object System\Components">
      <UniqueIdentifier>{340a9369-98be-4580-af67-945e0e2bcbef}</UniqueIdentifier>
    </Filter>
    <Filter Include="1. Core\Memory &amp; Resources">
      <UniqueIdentifier>{d0befaf2-bbd6-4030-a2d7-9e6f76b53ca5}</UniqueIdentifier>
    </Filter>
    <!-- Rendering System -->
    <Filter Include="2. Rendering">
      <UniqueIdentifier>{1e1b6323-1900-4342-80aa-1e8764e95ab2}</UniqueIdentifier>
    </Filter>
    <Filter Include="2. Rendering\RHI">
      <UniqueIdentifier>{e6d3b0c1-7f9a-4a4b-9d2e-8a2b8b1f9a32}</UniqueIdentifier>
    </Filter>
    <Filter Include="2. Rendering\Renderers">
      <UniqueIdentifier>{cc23868c-daf3-4767-bd46-5041b2afedf2}</UniqueIdentifier>
    </Filter>
    <Filter Include="2. Rendering\Resources">
      <UniqueIdentifier>{b6251aac-4560-4c88-9b05-afe046a3fdfd}</UniqueIdentifier>
    </Filter>
    <Filter Include="2. Rendering\Shaders">
      <UniqueIdentifier>{268038a8-b619-4f95-bee7-c383690b3be4}</UniqueIdentifier>
    </Filter>
    <!-- Scene Management -->
    <Filter Include="3. Scene Management">
      <UniqueIdentifier>{697e0870-1798-42a4-80b5-ee94b51f6edf}</UniqueIdentifier>
    </Filter>
    <Filter Include="3. Scene Management\Scene IO">
      <UniqueIdentifier>{89c8263c-8597-4310-a20c-847a033c26d9}</UniqueIdentifier>
    </Filter>
    <!-- UI System -->
    <Filter Include="4. UI System">
      <UniqueIdentifier>{955ed923-1198-4ddc-8ed9-8c6e37023664}</UniqueIdentifier>
    </Filter>
    <Filter Include="4. UI System\Managers">
      <UniqueIdentifier>{966c5bae-b63e-4ab3-9e2a-1d4af0f9c249}</UniqueIdentifier>
    </Filter>
    <Filter Include="4. UI System\Windows">
      <UniqueIdentifier>{2baaa24f-1601-45a4-9ef7-5af35382c5a4}</UniqueIdentifier>
    </Filter>
    <Filter Include="4. UI System\Widgets">
      <UniqueIdentifier>{b151e95f-3a9b-49f4-aced-dbf6ffba6737}</UniqueIdentifier>
    </Filter>
    <Filter Include="4. UI System\Slate Windows">
      <UniqueIdentifier>{fd5f7ea7-0345-4866-84d2-475c7f4d2937}</UniqueIdentifier>
    </Filter>
    <!-- Tools & Utilities -->
    <Filter Include="5. Tools &amp; Utilities">
      <UniqueIdentifier>{a76d0b63-5c59-4ed9-9877-b9fe409cfccd}</UniqueIdentifier>
    </Filter>
    <Filter Include="5. Tools &amp; Utilities\Math">
      <UniqueIdentifier>{8b341fd7-a47d-429e-a561-39644b6d5c03}</UniqueIdentifier>
    </Filter>
    <Filter Include="5. Tools &amp; Utilities\Spatial">
      <UniqueIdentifier>{f22ad073-ae7d-4af1-bbdb-b33785621ecc}</UniqueIdentifier>
    </Filter>
    <Filter Include="5. Tools &amp; Utilities\Input &amp; Interaction">
      <UniqueIdentifier>{6e3dcf0f-cb4b-4399-b35d-d2a158ce16be}</UniqueIdentifier>
    </Filter>
    <Filter Include="5. Tools &amp; Utilities\Platform">
      <UniqueIdentifier>{0543b16f-0dd3-4786-9d1c-8930d0580672}</UniqueIdentifier>
    </Filter>
    <Filter Include="5. Tools &amp; Utilities\Archive">
      <UniqueIdentifier>{10b830a5-341c-4826-b51f-e85ad647962e}</UniqueIdentifier>
    </Filter>
    <!-- Third Party -->
    <Filter Include="6. Third Party">
      <UniqueIdentifier>{9d7a6e99-f7e7-42c5-907a-f6c0e5fbff81}</UniqueIdentifier>
    </Filter>
    <Filter Include="6. Third Party\ImGui">
      <UniqueIdentifier>{53859500-7124-4158-aec2-59a45df76f37}</UniqueIdentifier>
    </Filter>
    <Filter Include="6. Third Party\DirectX Toolkit">
      <UniqueIdentifier>{61c8f421-d09b-4e7b-81a1-946a035ea2f3}</UniqueIdentifier>
    </Filter>
    <!-- Legacy/Misc -->
    <Filter Include="9. Misc">
      <UniqueIdentifier>{474972f5-db67-4893-b1af-25c6e684ab6b}</UniqueIdentifier>
    </Filter>
  </ItemGroup>
  <ItemGroup>
    <!-- Core Engine Files -->
    <ClCompile Include="main.cpp">
      <Filter>1. Core\Engine</Filter>
    </ClCompile>
    <ClCompile Include="EditorEngine.cpp">
      <Filter>1. Core\Engine</Filter>
    </ClCompile>
    <ClCompile Include="World.cpp">
      <Filter>1. Core\Engine</Filter>
    </ClCompile>
    <ClCompile Include="Level.cpp">
      <Filter>1. Core\Engine</Filter>
    </ClCompile>
    <ClCompile Include="WorldPartitionManager.cpp">
      <Filter>1. Core\Engine</Filter>
    </ClCompile>
    <ClCompile Include="pch.cpp">
      <Filter>1. Core</Filter>
    </ClCompile>
    <ClCompile Include="UEContainer.cpp">
      <Filter>1. Core</Filter>
    </ClCompile>
    <ClCompile Include="AllClassesRegistration.cpp">
      <Filter>1. Core</Filter>
    </ClCompile>
    <ClCompile Include="FName.cpp">
      <Filter>1. Core</Filter>
    </ClCompile>
    <!-- Object System -->
    <ClCompile Include="Object.cpp">
      <Filter>1. Core\Object System</Filter>
    </ClCompile>
    <ClCompile Include="ObjectFactory.cpp">
      <Filter>1. Core\Object System</Filter>
    </ClCompile>
    <ClCompile Include="Actor.cpp">
      <Filter>1. Core\Object System\Actors</Filter>
    </ClCompile>
    <ClCompile Include="CameraActor.cpp">
      <Filter>1. Core\Object System\Actors</Filter>
    </ClCompile>
    <ClCompile Include="StaticMeshActor.cpp">
      <Filter>1. Core\Object System\Actors</Filter>
    </ClCompile>
    <ClCompile Include="GizmoActor.cpp">
      <Filter>1. Core\Object System\Actors</Filter>
    </ClCompile>
    <ClCompile Include="GridActor.cpp">
      <Filter>1. Core\Object System\Actors</Filter>
    </ClCompile>
    <!-- Components -->
    <ClCompile Include="ActorComponent.cpp">
      <Filter>1. Core\Object System\Components</Filter>
    </ClCompile>
    <ClCompile Include="SceneComponent.cpp">
      <Filter>1. Core\Object System\Components</Filter>
    </ClCompile>
    <ClCompile Include="PrimitiveComponent.cpp">
      <Filter>1. Core\Object System\Components</Filter>
    </ClCompile>
    <ClCompile Include="MeshComponent.cpp">
      <Filter>1. Core\Object System\Components</Filter>
    </ClCompile>
    <ClCompile Include="StaticMeshComponent.cpp">
      <Filter>1. Core\Object System\Components</Filter>
    </ClCompile>
    <ClCompile Include="CameraComponent.cpp">
      <Filter>1. Core\Object System\Components</Filter>
    </ClCompile>
    <ClCompile Include="LineComponent.cpp">
      <Filter>1. Core\Object System\Components</Filter>
    </ClCompile>
    <ClCompile Include="TextRenderComponent.cpp">
      <Filter>1. Core\Object System\Components</Filter>
    </ClCompile>
    <ClCompile Include="BillboardComponent.cpp">
      <Filter>1. Core\Object System\Components</Filter>
    </ClCompile>
    <ClCompile Include="ShapeComponent.cpp">
      <Filter>1. Core\Object System\Components</Filter>
    </ClCompile>
    <ClCompile Include="AABoundingBoxComponent.cpp">
      <Filter>1. Core\Object System\Components</Filter>
    </ClCompile>
    <ClCompile Include="OBoundingBoxComponent.cpp">
      <Filter>1. Core\Object System\Components</Filter>
    </ClCompile>
    <ClCompile Include="GizmoArrowComponent.cpp">
      <Filter>1. Core\Object System\Components</Filter>
    </ClCompile>
    <ClCompile Include="GizmoRotateComponent.cpp">
      <Filter>1. Core\Object System\Components</Filter>
    </ClCompile>
    <ClCompile Include="GizmoScaleComponent.cpp">
      <Filter>1. Core\Object System\Components</Filter>
    </ClCompile>
    <!-- Memory &amp; Resources -->
    <ClCompile Include="ResourceManager.cpp">
      <Filter>1. Core\Memory &amp; Resources</Filter>
    </ClCompile>
    <ClCompile Include="MemoryManager.cpp">
      <Filter>1. Core\Memory &amp; Resources</Filter>
    </ClCompile>
    <ClCompile Include="ResourceBase.cpp">
      <Filter>1. Core\Memory &amp; Resources</Filter>
    </ClCompile>
    <!-- Rendering System -->
    <ClCompile Include="RHIDevice.cpp">
      <Filter>2. Rendering\RHI</Filter>
    </ClCompile>
    <ClCompile Include="D3D11RHI.cpp">
      <Filter>2. Rendering\RHI</Filter>
    </ClCompile>
    <ClCompile Include="Renderer.cpp">
      <Filter>2. Rendering\Renderers</Filter>
    </ClCompile>
    <ClCompile Include="RenderManager.cpp">
      <Filter>2. Rendering\Renderers</Filter>
    </ClCompile>
    <ClCompile Include="FViewport.cpp">
      <Filter>2. Rendering\Renderers</Filter>
    </ClCompile>
    <ClCompile Include="FViewportClient.cpp">
      <Filter>2. Rendering\Renderers</Filter>
    </ClCompile>
    <ClCompile Include="PipelineStateObject.cpp">
      <Filter>2. Rendering\Renderers</Filter>
    </ClCompile>
    <ClCompile Include="PipelineStateManager.cpp">
      <Filter>2. Rendering\Renderers</Filter>
    </ClCompile>
    <ClCompile Include="Occlusion.cpp">
      <Filter>2. Rendering\Renderers</Filter>
    </ClCompile>
    <!-- Rendering Resources -->
    <ClCompile Include="StaticMesh.cpp">
      <Filter>2. Rendering\Resources</Filter>
    </ClCompile>
    <ClCompile Include="DynamicMesh.cpp">
      <Filter>2. Rendering\Resources</Filter>
    </ClCompile>
    <ClCompile Include="LineDynamicMesh.cpp">
      <Filter>2. Rendering\Resources</Filter>
    </ClCompile>
    <ClCompile Include="Material.cpp">
      <Filter>2. Rendering\Resources</Filter>
    </ClCompile>
    <ClCompile Include="Shader.cpp">
      <Filter>2. Rendering\Resources</Filter>
    </ClCompile>
    <ClCompile Include="Texture.cpp">
      <Filter>2. Rendering\Resources</Filter>
    </ClCompile>
    <ClCompile Include="Line.cpp">
      <Filter>2. Rendering\Resources</Filter>
    </ClCompile>
    <ClCompile Include="Quad.cpp">
      <Filter>2. Rendering\Resources</Filter>
    </ClCompile>
    <ClCompile Include="QuadManager.cpp">
      <Filter>2. Rendering\Resources</Filter>
    </ClCompile>
    <ClCompile Include="MeshLoader.cpp">
      <Filter>2. Rendering\Resources</Filter>
    </ClCompile>
    <!-- Scene Management -->
    <ClCompile Include="SceneLoader.cpp">
      <Filter>3. Scene Management\Scene IO</Filter>
    </ClCompile>
    <!-- UI System -->
    <ClCompile Include="UI\UIManager.cpp">
      <Filter>4. UI System\Managers</Filter>
    </ClCompile>
    <ClCompile Include="UI\StatsOverlayD2D.cpp">
      <Filter>4. UI System\Managers</Filter>
    </ClCompile>
    <ClCompile Include="UI\GlobalConsole.cpp">
      <Filter>4. UI System\Managers</Filter>
    </ClCompile>
    <ClCompile Include="UI\ImGui\ImGuiHelper.cpp">
      <Filter>4. UI System\Managers</Filter>
    </ClCompile>
    <!-- UI Windows -->
    <ClCompile Include="UI\Window\UIWindow.cpp">
      <Filter>4. UI System\Windows</Filter>
    </ClCompile>
    <ClCompile Include="UI\Window\ControlPanelWindow.cpp">
      <Filter>4. UI System\Windows</Filter>
    </ClCompile>
    <ClCompile Include="UI\Window\ExperimentalFeatureWindow.cpp">
      <Filter>4. UI System\Windows</Filter>
    </ClCompile>
    <ClCompile Include="UI\Window\ConsoleWindow.cpp">
      <Filter>4. UI System\Windows</Filter>
    </ClCompile>
    <ClCompile Include="UI\Window\PropertyWindow.cpp">
      <Filter>4. UI System\Windows</Filter>
    </ClCompile>
    <ClCompile Include="UI\Window\SceneWindow.cpp">
      <Filter>4. UI System\Windows</Filter>
    </ClCompile>
    <ClCompile Include="UI\Factory\UIWindowFactory.cpp">
      <Filter>4. UI System\Windows</Filter>
    </ClCompile>
    <!-- UI Widgets -->
    <ClCompile Include="UI\Widget\Widget.cpp">
      <Filter>4. UI System\Widgets</Filter>
    </ClCompile>
    <ClCompile Include="UI\Widget\ActorTerminationWidget.cpp">
      <Filter>4. UI System\Widgets</Filter>
    </ClCompile>
    <ClCompile Include="UI\Widget\CameraControlWIdget.cpp">
      <Filter>4. UI System\Widgets</Filter>
    </ClCompile>
    <ClCompile Include="UI\Widget\FPSWidget.cpp">
      <Filter>4. UI System\Widgets</Filter>
    </ClCompile>
    <ClCompile Include="UI\Widget\PrimitiveSpawnWidget.cpp">
      <Filter>4. UI System\Widgets</Filter>
    </ClCompile>
    <ClCompile Include="UI\Widget\TargetActorTransformWidget.cpp">
      <Filter>4. UI System\Widgets</Filter>
    </ClCompile>
    <ClCompile Include="UI\Widget\InputInformationWidget.cpp">
      <Filter>4. UI System\Widgets</Filter>
    </ClCompile>
    <ClCompile Include="UI\Widget\ConsoleWidget.cpp">
      <Filter>4. UI System\Widgets</Filter>
    </ClCompile>
    <ClCompile Include="UI\Widget\SceneIOWidget.cpp">
      <Filter>4. UI System\Widgets</Filter>
    </ClCompile>
    <ClCompile Include="UI\Widget\SceneManagerWidget.cpp">
      <Filter>4. UI System\Widgets</Filter>
    </ClCompile>
    <ClCompile Include="UI\Widget\ShowFlagWidget.cpp">
      <Filter>4. UI System\Widgets</Filter>
    </ClCompile>
    <ClCompile Include="RenderViewportSwitcherWidget.cpp">
      <Filter>4. UI System\Widgets</Filter>
    </ClCompile>
    <ClCompile Include="MenuBarWidget.cpp">
      <Filter>4. UI System\Widgets</Filter>
    </ClCompile>
    <!-- Slate Windows -->
    <ClCompile Include="SViewportWindow.cpp">
      <Filter>4. UI System\Slate Windows</Filter>
    </ClCompile>
    <ClCompile Include="SSplitter.cpp">
      <Filter>4. UI System\Slate Windows</Filter>
    </ClCompile>
    <ClCompile Include="USlateManager.cpp">
      <Filter>4. UI System\Slate Windows</Filter>
    </ClCompile>
    <ClCompile Include="SSplitterH.cpp">
      <Filter>4. UI System\Slate Windows</Filter>
    </ClCompile>
    <ClCompile Include="SSplitterV.cpp">
      <Filter>4. UI System\Slate Windows</Filter>
    </ClCompile>
    <ClCompile Include="SWindow.cpp">
      <Filter>4. UI System\Slate Windows</Filter>
    </ClCompile>
    <ClCompile Include="SceneIOWindow.cpp">
      <Filter>4. UI System\Slate Windows</Filter>
    </ClCompile>
    <ClCompile Include="SDetailsWindow.cpp">
      <Filter>4. UI System\Slate Windows</Filter>
    </ClCompile>
    <ClCompile Include="SControlPanel.cpp">
      <Filter>4. UI System\Slate Windows</Filter>
    </ClCompile>
    <!-- Tools &amp; Utilities - Spatial -->
    <ClCompile Include="Octree.cpp">
      <Filter>5. Tools &amp; Utilities\Spatial</Filter>
    </ClCompile>
    <ClCompile Include="Frustum.cpp">
      <Filter>5. Tools &amp; Utilities\Spatial</Filter>
    </ClCompile>
    <ClCompile Include="BVHierachy.cpp">
      <Filter>5. Tools &amp; Utilities\Spatial</Filter>
    </ClCompile>
    <ClCompile Include="MeshBVH.cpp">
      <Filter>5. Tools &amp; Utilities\Spatial</Filter>
    </ClCompile>
    <!-- Tools &amp; Utilities - Input &amp; Interaction -->
    <ClCompile Include="InputManager.cpp">
      <Filter>5. Tools &amp; Utilities\Input &amp; Interaction</Filter>
    </ClCompile>
    <ClCompile Include="Picking.cpp">
      <Filter>5. Tools &amp; Utilities\Input &amp; Interaction</Filter>
    </ClCompile>
    <ClCompile Include="SelectionManager.cpp">
      <Filter>5. Tools &amp; Utilities\Input &amp; Interaction</Filter>
    </ClCompile>
    <ClCompile Include="ObjManager.cpp">
      <Filter>5. Tools &amp; Utilities\Input &amp; Interaction</Filter>
    </ClCompile>
    <!-- Tools &amp; Utilities - Platform -->
    <ClCompile Include="PlatformTime.cpp">
      <Filter>5. Tools &amp; Utilities\Platform</Filter>
    </ClCompile>
    <!-- Third Party - ImGui -->
    <ClCompile Include="ImGui\imgui.cpp">
      <Filter>6. Third Party\ImGui</Filter>
    </ClCompile>
    <ClCompile Include="ImGui\imgui_demo.cpp">
      <Filter>6. Third Party\ImGui</Filter>
    </ClCompile>
    <ClCompile Include="ImGui\imgui_draw.cpp">
      <Filter>6. Third Party\ImGui</Filter>
    </ClCompile>
    <ClCompile Include="ImGui\imgui_impl_dx11.cpp">
      <Filter>6. Third Party\ImGui</Filter>
    </ClCompile>
    <ClCompile Include="ImGui\imgui_impl_win32.cpp">
      <Filter>6. Third Party\ImGui</Filter>
    </ClCompile>
    <ClCompile Include="ImGui\imgui_tables.cpp">
      <Filter>6. Third Party\ImGui</Filter>
    </ClCompile>
    <ClCompile Include="ImGui\imgui_widgets.cpp">
      <Filter>6. Third Party\ImGui</Filter>
    </ClCompile>
    <ClCompile Include="DecalComponent.cpp">
      <Filter>1. Core\Object System\Components</Filter>
    </ClCompile>
  </ItemGroup>
  <ItemGroup>
    <FxCompile Include="Primitive.hlsl">
      <Filter>2. Rendering\Shaders</Filter>
    </FxCompile>
    <FxCompile Include="TextBillboard.hlsl">
      <Filter>2. Rendering\Shaders</Filter>
    </FxCompile>
    <FxCompile Include="ShaderLine.hlsl">
      <Filter>2. Rendering\Shaders</Filter>
    </FxCompile>
    <FxCompile Include="StaticMeshShader.hlsl">
      <Filter>2. Rendering\Shaders</Filter>
    </FxCompile>
    <FxCompile Include="StaticMeshPS.hlsl">
      <Filter>2. Rendering\Shaders</Filter>
    </FxCompile>
    <FxCompile Include="Billboard.hlsl">
      <Filter>2. Rendering\Shaders</Filter>
    </FxCompile>
  </ItemGroup>
  <ItemGroup>
    <!-- Core Engine Headers -->
    <ClInclude Include="EditorEngine.h">
      <Filter>1. Core\Engine</Filter>
    </ClInclude>
    <ClInclude Include="World.h">
      <Filter>1. Core\Engine</Filter>
    </ClInclude>
    <ClInclude Include="Level.h">
      <Filter>1. Core\Engine</Filter>
    </ClInclude>
    <ClInclude Include="WorldPartitionManager.h">
      <Filter>1. Core\Engine</Filter>
    </ClInclude>
    <ClInclude Include="pch.h">
      <Filter>1. Core</Filter>
    </ClInclude>
    <ClInclude Include="UEContainer.h">
      <Filter>1. Core</Filter>
    </ClInclude>
    <ClInclude Include="Name.h">
      <Filter>1. Core</Filter>
    </ClInclude>
    <ClInclude Include="Enums.h">
      <Filter>1. Core</Filter>
    </ClInclude>
    <ClInclude Include="VertexData.h">
      <Filter>1. Core</Filter>
    </ClInclude>
    <ClInclude Include="ObjectIterator.h">
      <Filter>1. Core</Filter>
    </ClInclude>
    <!-- Object System Headers -->
    <ClInclude Include="Object.h">
      <Filter>1. Core\Object System</Filter>
    </ClInclude>
    <ClInclude Include="ObjectFactory.h">
      <Filter>1. Core\Object System</Filter>
    </ClInclude>
    <ClInclude Include="Actor.h">
      <Filter>1. Core\Object System\Actors</Filter>
    </ClInclude>
    <ClInclude Include="CameraActor.h">
      <Filter>1. Core\Object System\Actors</Filter>
    </ClInclude>
    <ClInclude Include="StaticMeshActor.h">
      <Filter>1. Core\Object System\Actors</Filter>
    </ClInclude>
    <ClInclude Include="GizmoActor.h">
      <Filter>1. Core\Object System\Actors</Filter>
    </ClInclude>
    <ClInclude Include="GridActor.h">
      <Filter>1. Core\Object System\Actors</Filter>
    </ClInclude>
    <!-- Component Headers -->
    <ClInclude Include="ActorComponent.h">
      <Filter>1. Core\Object System\Components</Filter>
    </ClInclude>
    <ClInclude Include="SceneComponent.h">
      <Filter>1. Core\Object System\Components</Filter>
    </ClInclude>
    <ClInclude Include="PrimitiveComponent.h">
      <Filter>1. Core\Object System\Components</Filter>
    </ClInclude>
    <ClInclude Include="MeshComponent.h">
      <Filter>1. Core\Object System\Components</Filter>
    </ClInclude>
    <ClInclude Include="StaticMeshComponent.h">
      <Filter>1. Core\Object System\Components</Filter>
    </ClInclude>
    <ClInclude Include="CameraComponent.h">
      <Filter>1. Core\Object System\Components</Filter>
    </ClInclude>
    <ClInclude Include="LineComponent.h">
      <Filter>1. Core\Object System\Components</Filter>
    </ClInclude>
    <ClInclude Include="TextRenderComponent.h">
      <Filter>1. Core\Object System\Components</Filter>
    </ClInclude>
    <ClInclude Include="BillboardComponent.h">
      <Filter>1. Core\Object System\Components</Filter>
    </ClInclude>
    <ClInclude Include="ShapeComponent.h">
      <Filter>1. Core\Object System\Components</Filter>
    </ClInclude>
    <ClInclude Include="AABoundingBoxComponent.h">
      <Filter>1. Core\Object System\Components</Filter>
    </ClInclude>
    <ClInclude Include="OBoundingBoxComponent.h">
      <Filter>1. Core\Object System\Components</Filter>
    </ClInclude>
    <ClInclude Include="GizmoArrowComponent.h">
      <Filter>1. Core\Object System\Components</Filter>
    </ClInclude>
    <ClInclude Include="GizmoRotateComponent.h">
      <Filter>1. Core\Object System\Components</Filter>
    </ClInclude>
    <ClInclude Include="GizmoScaleComponent.h">
      <Filter>1. Core\Object System\Components</Filter>
    </ClInclude>
    <!-- Memory &amp; Resources Headers -->
    <ClInclude Include="ResourceManager.h">
      <Filter>1. Core\Memory &amp; Resources</Filter>
    </ClInclude>
    <ClInclude Include="MemoryManager.h">
      <Filter>1. Core\Memory &amp; Resources</Filter>
    </ClInclude>
    <ClInclude Include="ResourceBase.h">
      <Filter>1. Core\Memory &amp; Resources</Filter>
    </ClInclude>
    <!-- Rendering System Headers -->
    <ClInclude Include="RHIDevice.h">
      <Filter>2. Rendering\RHI</Filter>
    </ClInclude>
    <ClInclude Include="D3D11RHI.h">
      <Filter>2. Rendering\RHI</Filter>
    </ClInclude>
    <ClInclude Include="Renderer.h">
      <Filter>2. Rendering\Renderers</Filter>
    </ClInclude>
    <ClInclude Include="RenderManager.h">
      <Filter>2. Rendering\Renderers</Filter>
    </ClInclude>
    <ClInclude Include="FViewport.h">
      <Filter>2. Rendering\Renderers</Filter>
    </ClInclude>
    <ClInclude Include="FViewportClient.h">
      <Filter>2. Rendering\Renderers</Filter>
    </ClInclude>
    <ClInclude Include="PipelineStateObject.h">
      <Filter>2. Rendering\Renderers</Filter>
    </ClInclude>
    <ClInclude Include="PipelineStateManager.h">
      <Filter>2. Rendering\Renderers</Filter>
    </ClInclude>
    <ClInclude Include="Occlusion.h">
      <Filter>2. Rendering\Renderers</Filter>
    </ClInclude>
    <!-- Rendering Resources Headers -->
    <ClInclude Include="StaticMesh.h">
      <Filter>2. Rendering\Resources</Filter>
    </ClInclude>
    <ClInclude Include="DynamicMesh.h">
      <Filter>2. Rendering\Resources</Filter>
    </ClInclude>
    <ClInclude Include="LineDynamicMesh.h">
      <Filter>2. Rendering\Resources</Filter>
    </ClInclude>
    <ClInclude Include="Material.h">
      <Filter>2. Rendering\Resources</Filter>
    </ClInclude>
    <ClInclude Include="Shader.h">
      <Filter>2. Rendering\Resources</Filter>
    </ClInclude>
    <ClInclude Include="Texture.h">
      <Filter>2. Rendering\Resources</Filter>
    </ClInclude>
    <ClInclude Include="Line.h">
      <Filter>2. Rendering\Resources</Filter>
    </ClInclude>
    <ClInclude Include="Quad.h">
      <Filter>2. Rendering\Resources</Filter>
    </ClInclude>
    <ClInclude Include="QuadManager.h">
      <Filter>2. Rendering\Resources</Filter>
    </ClInclude>
    <ClInclude Include="MeshLoader.h">
      <Filter>2. Rendering\Resources</Filter>
    </ClInclude>
    <ClInclude Include="Triangle.h">
      <Filter>2. Rendering\Resources</Filter>
    </ClInclude>
    <ClInclude Include="Cube.h">
      <Filter>2. Rendering\Resources</Filter>
    </ClInclude>
    <ClInclude Include="Sphere.h">
      <Filter>2. Rendering\Resources</Filter>
    </ClInclude>
    <!-- Scene Management Headers -->
    <ClInclude Include="SceneLoader.h">
      <Filter>3. Scene Management\Scene IO</Filter>
    </ClInclude>
    <ClInclude Include="SceneRotationUtils.h">
      <Filter>3. Scene Management\Scene IO</Filter>
    </ClInclude>
    <!-- UI System Headers -->
    <ClInclude Include="UI\UIManager.h">
      <Filter>4. UI System\Managers</Filter>
    </ClInclude>
    <ClInclude Include="UI\StatsOverlayD2D.h">
      <Filter>4. UI System\Managers</Filter>
    </ClInclude>
    <ClInclude Include="UI\GlobalConsole.h">
      <Filter>4. UI System\Managers</Filter>
    </ClInclude>
    <ClInclude Include="UI\ImGui\ImGuiHelper.h">
      <Filter>4. UI System\Managers</Filter>
    </ClInclude>
    <!-- UI Windows Headers -->
    <ClInclude Include="UI\Window\UIWindow.h">
      <Filter>4. UI System\Windows</Filter>
    </ClInclude>
    <ClInclude Include="UI\Window\ControlPanelWindow.h">
      <Filter>4. UI System\Windows</Filter>
    </ClInclude>
    <ClInclude Include="UI\Window\ExperimentalFeatureWindow.h">
      <Filter>4. UI System\Windows</Filter>
    </ClInclude>
    <ClInclude Include="UI\Window\ConsoleWindow.h">
      <Filter>4. UI System\Windows</Filter>
    </ClInclude>
    <ClInclude Include="UI\Window\PropertyWindow.h">
      <Filter>4. UI System\Windows</Filter>
    </ClInclude>
    <ClInclude Include="UI\Window\SceneWindow.h">
      <Filter>4. UI System\Windows</Filter>
    </ClInclude>
    <ClInclude Include="UI\Factory\UIWindowFactory.h">
      <Filter>4. UI System\Windows</Filter>
    </ClInclude>
    <!-- UI Widgets Headers -->
    <ClInclude Include="UI\Widget\Widget.h">
      <Filter>4. UI System\Widgets</Filter>
    </ClInclude>
    <ClInclude Include="UI\Widget\ActorTerminationWidget.h">
      <Filter>4. UI System\Widgets</Filter>
    </ClInclude>
    <ClInclude Include="UI\Widget\CameraControlWidget.h">
      <Filter>4. UI System\Widgets</Filter>
    </ClInclude>
    <ClInclude Include="UI\Widget\FPSWidget.h">
      <Filter>4. UI System\Widgets</Filter>
    </ClInclude>
    <ClInclude Include="UI\Widget\PrimitiveSpawnWidget.h">
      <Filter>4. UI System\Widgets</Filter>
    </ClInclude>
    <ClInclude Include="UI\Widget\TargetActorTransformWidget.h">
      <Filter>4. UI System\Widgets</Filter>
    </ClInclude>
    <ClInclude Include="UI\Widget\InputInformationWidget.h">
      <Filter>4. UI System\Widgets</Filter>
    </ClInclude>
    <ClInclude Include="UI\Widget\ConsoleWidget.h">
      <Filter>4. UI System\Widgets</Filter>
    </ClInclude>
    <ClInclude Include="UI\Widget\SceneIOWidget.h">
      <Filter>4. UI System\Widgets</Filter>
    </ClInclude>
    <ClInclude Include="UI\Widget\SceneManagerWidget.h">
      <Filter>4. UI System\Widgets</Filter>
    </ClInclude>
    <ClInclude Include="UI\Widget\ShowFlagWidget.h">
      <Filter>4. UI System\Widgets</Filter>
    </ClInclude>
    <ClInclude Include="RenderViewportSwitcherWidget.h">
      <Filter>4. UI System\Widgets</Filter>
    </ClInclude>
    <ClInclude Include="MenuBarWidget.h">
      <Filter>4. UI System\Widgets</Filter>
    </ClInclude>
    <!-- Slate Windows Headers -->
    <ClInclude Include="SViewportWindow.h">
      <Filter>4. UI System\Slate Windows</Filter>
    </ClInclude>
    <ClInclude Include="SSplitter.h">
      <Filter>4. UI System\Slate Windows</Filter>
    </ClInclude>
    <ClInclude Include="USlateManager.h">
      <Filter>4. UI System\Slate Windows</Filter>
    </ClInclude>
    <ClInclude Include="SSplitterH.h">
      <Filter>4. UI System\Slate Windows</Filter>
    </ClInclude>
    <ClInclude Include="SSplitterV.h">
      <Filter>4. UI System\Slate Windows</Filter>
    </ClInclude>
    <ClInclude Include="SWindow.h">
      <Filter>4. UI System\Slate Windows</Filter>
    </ClInclude>
    <ClInclude Include="SceneIOWindow.h">
      <Filter>4. UI System\Slate Windows</Filter>
    </ClInclude>
    <ClInclude Include="SDetailsWindow.h">
      <Filter>4. UI System\Slate Windows</Filter>
    </ClInclude>
    <ClInclude Include="SControlPanel.h">
      <Filter>4. UI System\Slate Windows</Filter>
    </ClInclude>
    <!-- Tools &amp; Utilities - Math Headers -->
    <ClInclude Include="Struct.h">
      <Filter>5. Tools &amp; Utilities\Math</Filter>
    </ClInclude>
    <!-- Tools &amp; Utilities - Spatial Headers -->
    <ClInclude Include="Octree.h">
      <Filter>5. Tools &amp; Utilities\Spatial</Filter>
    </ClInclude>
    <ClInclude Include="Frustum.h">
      <Filter>5. Tools &amp; Utilities\Spatial</Filter>
    </ClInclude>
    <ClInclude Include="BVHierachy.h">
      <Filter>5. Tools &amp; Utilities\Spatial</Filter>
    </ClInclude>
    <ClInclude Include="MeshBVH.h">
      <Filter>5. Tools &amp; Utilities\Spatial</Filter>
    </ClInclude>
    <!-- Tools &amp; Utilities - Input &amp; Interaction Headers -->
    <ClInclude Include="InputManager.h">
      <Filter>5. Tools &amp; Utilities\Input &amp; Interaction</Filter>
    </ClInclude>
    <ClInclude Include="Picking.h">
      <Filter>5. Tools &amp; Utilities\Input &amp; Interaction</Filter>
    </ClInclude>
    <ClInclude Include="SelectionManager.h">
      <Filter>5. Tools &amp; Utilities\Input &amp; Interaction</Filter>
    </ClInclude>
    <ClInclude Include="ObjManager.h">
      <Filter>5. Tools &amp; Utilities\Input &amp; Interaction</Filter>
    </ClInclude>
    <!-- Tools &amp; Utilities - Platform Headers -->
    <ClInclude Include="PlatformTime.h">
      <Filter>5. Tools &amp; Utilities\Platform</Filter>
    </ClInclude>
    <!-- Tools &amp; Utilities - Archive Headers -->
    <ClInclude Include="Archive.h">
      <Filter>5. Tools &amp; Utilities\Archive</Filter>
    </ClInclude>
    <ClInclude Include="WindowsBinWriter.h">
      <Filter>5. Tools &amp; Utilities\Archive</Filter>
    </ClInclude>
    <ClInclude Include="WindowsBinReader.h">
      <Filter>5. Tools &amp; Utilities\Archive</Filter>
    </ClInclude>
    <!-- Third Party - ImGui Headers -->
    <ClInclude Include="ImGui\imconfig.h">
      <Filter>6. Third Party\ImGui</Filter>
    </ClInclude>
    <ClInclude Include="ImGui\imgui.h">
      <Filter>6. Third Party\ImGui</Filter>
    </ClInclude>
    <ClInclude Include="ImGui\imgui_impl_dx11.h">
      <Filter>6. Third Party\ImGui</Filter>
    </ClInclude>
    <ClInclude Include="ImGui\imgui_impl_win32.h">
      <Filter>6. Third Party\ImGui</Filter>
    </ClInclude>
    <ClInclude Include="ImGui\imgui_internal.h">
      <Filter>6. Third Party\ImGui</Filter>
    </ClInclude>
    <ClInclude Include="ImGui\imstb_rectpack.h">
      <Filter>6. Third Party\ImGui</Filter>
    </ClInclude>
    <ClInclude Include="ImGui\imstb_textedit.h">
      <Filter>6. Third Party\ImGui</Filter>
    </ClInclude>
    <ClInclude Include="ImGui\imstb_truetype.h">
      <Filter>6. Third Party\ImGui</Filter>
    </ClInclude>
    <ClInclude Include="DecalComponent.h">
      <Filter>1. Core\Object System\Components</Filter>
    </ClInclude>
  </ItemGroup>
  <ItemGroup>
    <None Include="ClassDiagram.cd">
      <Filter>9. Misc</Filter>
    </None>
  </ItemGroup>
</Project>